
Microsoft Visual Studio Solution File, Format Version 12.00
# Visual Studio Version 16
VisualStudioVersion = 16.0.31205.134
MinimumVisualStudioVersion = 10.0.40219.1
Project("{8BC9CEB8-8B4A-11D0-8D11-00A0C91BC942}") = "learn-opengl", "learn-opengl.vcxproj", "{4915BB62-A921-4302-94BD-2EE4396A07BA}"
EndProject
Global
	GlobalSection(SolutionConfigurationPlatforms) = preSolution
		camera|x64 = camera|x64
		camera|x86 = camera|x86
		camera1|x64 = camera1|x64
		camera1|x86 = camera1|x86
		coordinate-system|x64 = coordinate-system|x64
		coordinate-system|x86 = coordinate-system|x86
		coordinate-system1|x64 = coordinate-system1|x64
		coordinate-system1|x86 = coordinate-system1|x86
		coordinate-system2|x64 = coordinate-system2|x64
		coordinate-system2|x86 = coordinate-system2|x86
		Debug|x64 = Debug|x64
		Debug|x86 = Debug|x86
		light1|x64 = light1|x64
		light1|x86 = light1|x86
		lighting-maps|x64 = lighting-maps|x64
		lighting-maps|x86 = lighting-maps|x86
		materials|x64 = materials|x64
		materials|x86 = materials|x86
		Release|x64 = Release|x64
		Release|x86 = Release|x86
		review1|x64 = review1|x64
		review1|x86 = review1|x86
		shaders|x64 = shaders|x64
		shaders|x86 = shaders|x86
		shaders1|x64 = shaders1|x64
		shaders1|x86 = shaders1|x86
		textures|x64 = textures|x64
		textures|x86 = textures|x86
		textures1|x64 = textures1|x64
		textures1|x86 = textures1|x86
		transformations|x64 = transformations|x64
		transformations|x86 = transformations|x86
		transformations1|x64 = transformations1|x64
		transformations1|x86 = transformations1|x86
		triangles|x64 = triangles|x64
		triangles|x86 = triangles|x86
	EndGlobalSection
	GlobalSection(ProjectConfigurationPlatforms) = postSolution
		{4915BB62-A921-4302-94BD-2EE4396A07BA}.camera|x64.ActiveCfg = camera|x64
		{4915BB62-A921-4302-94BD-2EE4396A07BA}.camera|x64.Build.0 = camera|x64
		{4915BB62-A921-4302-94BD-2EE4396A07BA}.camera|x86.ActiveCfg = camera|Win32
		{4915BB62-A921-4302-94BD-2EE4396A07BA}.camera|x86.Build.0 = camera|Win32
		{4915BB62-A921-4302-94BD-2EE4396A07BA}.camera1|x64.ActiveCfg = camera1|x64
		{4915BB62-A921-4302-94BD-2EE4396A07BA}.camera1|x64.Build.0 = camera1|x64
		{4915BB62-A921-4302-94BD-2EE4396A07BA}.camera1|x86.ActiveCfg = camera1|Win32
		{4915BB62-A921-4302-94BD-2EE4396A07BA}.camera1|x86.Build.0 = camera1|Win32
		{4915BB62-A921-4302-94BD-2EE4396A07BA}.coordinate-system|x64.ActiveCfg = coordinate-system|x64
		{4915BB62-A921-4302-94BD-2EE4396A07BA}.coordinate-system|x64.Build.0 = coordinate-system|x64
		{4915BB62-A921-4302-94BD-2EE4396A07BA}.coordinate-system|x86.ActiveCfg = coordinate-system|Win32
		{4915BB62-A921-4302-94BD-2EE4396A07BA}.coordinate-system|x86.Build.0 = coordinate-system|Win32
		{4915BB62-A921-4302-94BD-2EE4396A07BA}.coordinate-system1|x64.ActiveCfg = coordinate-system1|x64
		{4915BB62-A921-4302-94BD-2EE4396A07BA}.coordinate-system1|x64.Build.0 = coordinate-system1|x64
		{4915BB62-A921-4302-94BD-2EE4396A07BA}.coordinate-system1|x86.ActiveCfg = coordinate-system1|Win32
		{4915BB62-A921-4302-94BD-2EE4396A07BA}.coordinate-system1|x86.Build.0 = coordinate-system1|Win32
		{4915BB62-A921-4302-94BD-2EE4396A07BA}.coordinate-system2|x64.ActiveCfg = coordinate-system2|x64
		{4915BB62-A921-4302-94BD-2EE4396A07BA}.coordinate-system2|x64.Build.0 = coordinate-system2|x64
		{4915BB62-A921-4302-94BD-2EE4396A07BA}.coordinate-system2|x86.ActiveCfg = coordinate-system2|Win32
		{4915BB62-A921-4302-94BD-2EE4396A07BA}.coordinate-system2|x86.Build.0 = coordinate-system2|Win32
		{4915BB62-A921-4302-94BD-2EE4396A07BA}.Debug|x64.ActiveCfg = Debug|x64
		{4915BB62-A921-4302-94BD-2EE4396A07BA}.Debug|x64.Build.0 = Debug|x64
		{4915BB62-A921-4302-94BD-2EE4396A07BA}.Debug|x86.ActiveCfg = Debug|Win32
		{4915BB62-A921-4302-94BD-2EE4396A07BA}.Debug|x86.Build.0 = Debug|Win32
		{4915BB62-A921-4302-94BD-2EE4396A07BA}.light1|x64.ActiveCfg = light1|x64
		{4915BB62-A921-4302-94BD-2EE4396A07BA}.light1|x64.Build.0 = light1|x64
		{4915BB62-A921-4302-94BD-2EE4396A07BA}.light1|x86.ActiveCfg = light1|Win32
		{4915BB62-A921-4302-94BD-2EE4396A07BA}.light1|x86.Build.0 = light1|Win32
		{4915BB62-A921-4302-94BD-2EE4396A07BA}.lighting-maps|x64.ActiveCfg = lighting-maps|x64
		{4915BB62-A921-4302-94BD-2EE4396A07BA}.lighting-maps|x64.Build.0 = lighting-maps|x64
		{4915BB62-A921-4302-94BD-2EE4396A07BA}.lighting-maps|x86.ActiveCfg = lighting-maps|Win32
		{4915BB62-A921-4302-94BD-2EE4396A07BA}.lighting-maps|x86.Build.0 = lighting-maps|Win32
		{4915BB62-A921-4302-94BD-2EE4396A07BA}.materials|x64.ActiveCfg = materials|x64
		{4915BB62-A921-4302-94BD-2EE4396A07BA}.materials|x64.Build.0 = materials|x64
		{4915BB62-A921-4302-94BD-2EE4396A07BA}.materials|x86.ActiveCfg = materials|Win32
		{4915BB62-A921-4302-94BD-2EE4396A07BA}.materials|x86.Build.0 = materials|Win32
		{4915BB62-A921-4302-94BD-2EE4396A07BA}.Release|x64.ActiveCfg = Release|x64
		{4915BB62-A921-4302-94BD-2EE4396A07BA}.Release|x64.Build.0 = Release|x64
		{4915BB62-A921-4302-94BD-2EE4396A07BA}.Release|x86.ActiveCfg = Release|Win32
		{4915BB62-A921-4302-94BD-2EE4396A07BA}.Release|x86.Build.0 = Release|Win32
		{4915BB62-A921-4302-94BD-2EE4396A07BA}.review1|x64.ActiveCfg = review1|x64
		{4915BB62-A921-4302-94BD-2EE4396A07BA}.review1|x64.Build.0 = review1|x64
		{4915BB62-A921-4302-94BD-2EE4396A07BA}.review1|x86.ActiveCfg = review1|Win32
		{4915BB62-A921-4302-94BD-2EE4396A07BA}.review1|x86.Build.0 = review1|Win32
		{4915BB62-A921-4302-94BD-2EE4396A07BA}.shaders|x64.ActiveCfg = debug shaders|x64
		{4915BB62-A921-4302-94BD-2EE4396A07BA}.shaders|x64.Build.0 = debug shaders|x64
		{4915BB62-A921-4302-94BD-2EE4396A07BA}.shaders|x86.ActiveCfg = debug shaders|Win32
		{4915BB62-A921-4302-94BD-2EE4396A07BA}.shaders|x86.Build.0 = debug shaders|Win32
		{4915BB62-A921-4302-94BD-2EE4396A07BA}.shaders1|x64.ActiveCfg = shaders1|x64
		{4915BB62-A921-4302-94BD-2EE4396A07BA}.shaders1|x64.Build.0 = shaders1|x64
		{4915BB62-A921-4302-94BD-2EE4396A07BA}.shaders1|x86.ActiveCfg = shaders1|Win32
		{4915BB62-A921-4302-94BD-2EE4396A07BA}.shaders1|x86.Build.0 = shaders1|Win32
		{4915BB62-A921-4302-94BD-2EE4396A07BA}.textures|x64.ActiveCfg = textures|x64
		{4915BB62-A921-4302-94BD-2EE4396A07BA}.textures|x64.Build.0 = textures|x64
		{4915BB62-A921-4302-94BD-2EE4396A07BA}.textures|x86.ActiveCfg = textures|Win32
		{4915BB62-A921-4302-94BD-2EE4396A07BA}.textures|x86.Build.0 = textures|Win32
		{4915BB62-A921-4302-94BD-2EE4396A07BA}.textures1|x64.ActiveCfg = textures1|x64
		{4915BB62-A921-4302-94BD-2EE4396A07BA}.textures1|x64.Build.0 = textures1|x64
		{4915BB62-A921-4302-94BD-2EE4396A07BA}.textures1|x86.ActiveCfg = textures1|Win32
		{4915BB62-A921-4302-94BD-2EE4396A07BA}.textures1|x86.Build.0 = textures1|Win32
		{4915BB62-A921-4302-94BD-2EE4396A07BA}.transformations|x64.ActiveCfg = transformations|x64
		{4915BB62-A921-4302-94BD-2EE4396A07BA}.transformations|x64.Build.0 = transformations|x64
		{4915BB62-A921-4302-94BD-2EE4396A07BA}.transformations|x86.ActiveCfg = transformations|Win32
		{4915BB62-A921-4302-94BD-2EE4396A07BA}.transformations|x86.Build.0 = transformations|Win32
		{4915BB62-A921-4302-94BD-2EE4396A07BA}.transformations1|x64.ActiveCfg = transformations1|x64
		{4915BB62-A921-4302-94BD-2EE4396A07BA}.transformations1|x64.Build.0 = transformations1|x64
		{4915BB62-A921-4302-94BD-2EE4396A07BA}.transformations1|x86.ActiveCfg = transformations1|Win32
		{4915BB62-A921-4302-94BD-2EE4396A07BA}.transformations1|x86.Build.0 = transformations1|Win32
		{4915BB62-A921-4302-94BD-2EE4396A07BA}.triangles|x64.ActiveCfg = debug triangles|x64
		{4915BB62-A921-4302-94BD-2EE4396A07BA}.triangles|x64.Build.0 = debug triangles|x64
		{4915BB62-A921-4302-94BD-2EE4396A07BA}.triangles|x86.ActiveCfg = debug triangles|Win32
		{4915BB62-A921-4302-94BD-2EE4396A07BA}.triangles|x86.Build.0 = debug triangles|Win32
	EndGlobalSection
	GlobalSection(SolutionProperties) = preSolution
		HideSolutionNode = FALSE
	EndGlobalSection
	GlobalSection(ExtensibilityGlobals) = postSolution
		SolutionGuid = {F36911EC-4D8E-4889-AD8D-C9EE64517CAB}
	EndGlobalSection
EndGlobal
